
Microsoft Visual Studio Solution File, Format Version 12.00
# Visual Studio Version 17
VisualStudioVersion = 17.9.34714.143
MinimumVisualStudioVersion = 10.0.40219.1
Project("{9A19103F-16F7-4668-BE54-9A1E7A4F7556}") = "VPet.Live2DAnimation", "VPet.Live2DAnimation\VPet.Live2DAnimation.csproj", "{1CACFA34-FA79-46E4-828F-53B731F1E8E9}"
EndProject
Project("{9A19103F-16F7-4668-BE54-9A1E7A4F7556}") = "VPet.Plugin.Live2DAnimation", "VPet.Plugin.Live2DAnimation\VPet.Plugin.Live2DAnimation.csproj", "{61D3B589-CED5-4878-86F2-3910F1FB2FE3}"
EndProject
Project("{9A19103F-16F7-4668-BE54-9A1E7A4F7556}") = "Live2DCSharpSDK.Framework", "..\Live2DCSharpSDK.WPF\Live2DCSharpSDK.Framework\Live2DCSharpSDK.Framework.csproj", "{B84863BD-2E4B-4BF8-AE72-80EF7D26A46B}"
EndProject
Project("{9A19103F-16F7-4668-BE54-9A1E7A4F7556}") = "Live2DCSharpSDK.App", "..\Live2DCSharpSDK.WPF\Live2DCSharpSDK.App\Live2DCSharpSDK.App.csproj", "{2A1D01DF-8719-4A66-8A6D-A2B98D6C1F0E}"
EndProject
Project("{FAE04EC0-301F-11D3-BF4B-00C04F79EFBC}") = "Live2DCSharpSDK.OpenGL", "..\Live2DCSharpSDK.WPF\Live2DCSharpSDK.OpenGL\Live2DCSharpSDK.OpenGL.csproj", "{D4DB1F49-C43E-4D25-833F-D15FF0124356}"
EndProject
Project("{FAE04EC0-301F-11D3-BF4B-00C04F79EFBC}") = "Live2DCSharpSDK.OpenGL.WPF", "..\Live2DCSharpSDK.WPF\Live2DCSharpSDK.OpenGL.WPF\Live2DCSharpSDK.OpenGL.WPF.csproj", "{E6FB110D-ACFC-447D-9B14-4B905A4D8F4A}"
EndProject
Global
	GlobalSection(SolutionConfigurationPlatforms) = preSolution
		Debug|Any CPU = Debug|Any CPU
		Release|Any CPU = Release|Any CPU
	EndGlobalSection
	GlobalSection(ProjectConfigurationPlatforms) = postSolution
		{1CACFA34-FA79-46E4-828F-53B731F1E8E9}.Debug|Any CPU.ActiveCfg = Debug|Any CPU
		{1CACFA34-FA79-46E4-828F-53B731F1E8E9}.Debug|Any CPU.Build.0 = Debug|Any CPU
		{1CACFA34-FA79-46E4-828F-53B731F1E8E9}.Release|Any CPU.ActiveCfg = Release|Any CPU
		{1CACFA34-FA79-46E4-828F-53B731F1E8E9}.Release|Any CPU.Build.0 = Release|Any CPU
		{61D3B589-CED5-4878-86F2-3910F1FB2FE3}.Debug|Any CPU.ActiveCfg = Debug|Any CPU
		{61D3B589-CED5-4878-86F2-3910F1FB2FE3}.Debug|Any CPU.Build.0 = Debug|Any CPU
		{61D3B589-CED5-4878-86F2-3910F1FB2FE3}.Release|Any CPU.ActiveCfg = Release|Any CPU
		{61D3B589-CED5-4878-86F2-3910F1FB2FE3}.Release|Any CPU.Build.0 = Release|Any CPU
		{B84863BD-2E4B-4BF8-AE72-80EF7D26A46B}.Debug|Any CPU.ActiveCfg = Debug|Any CPU
		{B84863BD-2E4B-4BF8-AE72-80EF7D26A46B}.Debug|Any CPU.Build.0 = Debug|Any CPU
		{B84863BD-2E4B-4BF8-AE72-80EF7D26A46B}.Release|Any CPU.ActiveCfg = Release|Any CPU
		{B84863BD-2E4B-4BF8-AE72-80EF7D26A46B}.Release|Any CPU.Build.0 = Release|Any CPU
		{2A1D01DF-8719-4A66-8A6D-A2B98D6C1F0E}.Debug|Any CPU.ActiveCfg = Debug|Any CPU
		{2A1D01DF-8719-4A66-8A6D-A2B98D6C1F0E}.Debug|Any CPU.Build.0 = Debug|Any CPU
		{2A1D01DF-8719-4A66-8A6D-A2B98D6C1F0E}.Release|Any CPU.ActiveCfg = Release|Any CPU
		{2A1D01DF-8719-4A66-8A6D-A2B98D6C1F0E}.Release|Any CPU.Build.0 = Release|Any CPU
		{D4DB1F49-C43E-4D25-833F-D15FF0124356}.Debug|Any CPU.ActiveCfg = Debug|Any CPU
		{D4DB1F49-C43E-4D25-833F-D15FF0124356}.Debug|Any CPU.Build.0 = Debug|Any CPU
		{D4DB1F49-C43E-4D25-833F-D15FF0124356}.Release|Any CPU.ActiveCfg = Release|Any CPU
		{D4DB1F49-C43E-4D25-833F-D15FF0124356}.Release|Any CPU.Build.0 = Release|Any CPU
		{E6FB110D-ACFC-447D-9B14-4B905A4D8F4A}.Debug|Any CPU.ActiveCfg = Debug|Any CPU
		{E6FB110D-ACFC-447D-9B14-4B905A4D8F4A}.Debug|Any CPU.Build.0 = Debug|Any CPU
		{E6FB110D-ACFC-447D-9B14-4B905A4D8F4A}.Release|Any CPU.ActiveCfg = Release|Any CPU
		{E6FB110D-ACFC-447D-9B14-4B905A4D8F4A}.Release|Any CPU.Build.0 = Release|Any CPU
	EndGlobalSection
	GlobalSection(SolutionProperties) = preSolution
		HideSolutionNode = FALSE
	EndGlobalSection
	GlobalSection(ExtensibilityGlobals) = postSolution
		SolutionGuid = {11182E17-71CD-40A8-83AC-665D6CD7A102}
	EndGlobalSection
EndGlobal
